
Microsoft Visual Studio Solution File, Format Version 12.00
Project("{FAE04EC0-301F-11D3-BF4B-00C04F79EFBC}") = "EjerciciosLogicos", "EjerciciosLogicos.csproj", "{C92ED028-D159-45F2-BAD0-DF8CB4E7B269}"
EndProject
Global
	GlobalSection(SolutionConfigurationPlatforms) = preSolution
		Debug|Any CPU = Debug|Any CPU
		Release|Any CPU = Release|Any CPU
	EndGlobalSection
	GlobalSection(ProjectConfigurationPlatforms) = postSolution
		{C92ED028-D159-45F2-BAD0-DF8CB4E7B269}.Debug|Any CPU.ActiveCfg = Debug|Any CPU
		{C92ED028-D159-45F2-BAD0-DF8CB4E7B269}.Debug|Any CPU.Build.0 = Debug|Any CPU
		{C92ED028-D159-45F2-BAD0-DF8CB4E7B269}.Release|Any CPU.ActiveCfg = Release|Any CPU
		{C92ED028-D159-45F2-BAD0-DF8CB4E7B269}.Release|Any CPU.Build.0 = Release|Any CPU
	EndGlobalSection
EndGlobal
